
Microsoft Visual Studio Solution File, Format Version 12.00
# Visual Studio Version 16
VisualStudioVersion = 16.0.29306.81
MinimumVisualStudioVersion = 10.0.40219.1
Project("{9A19103F-16F7-4668-BE54-9A1E7A4F7556}") = "Cuponico.Ingestor.Host", "src\Cuponico.Ingestor.ConsoleHost\Cuponico.Ingestor.Host.csproj", "{DF4554BF-D1CD-47D2-B835-D647A031FC00}"
EndProject
Project("{2150E333-8FDC-42A3-9474-1A3956D46DE8}") = "Solution Items", "Solution Items", "{F3218F11-FF67-4768-9983-B699B9828992}"
	ProjectSection(SolutionItems) = preProject
		Dockerfile = Dockerfile
		README.md = README.md
	EndProjectSection
EndProject
Global
	GlobalSection(SolutionConfigurationPlatforms) = preSolution
		Debug|Any CPU = Debug|Any CPU
		Release|Any CPU = Release|Any CPU
	EndGlobalSection
	GlobalSection(ProjectConfigurationPlatforms) = postSolution
		{DF4554BF-D1CD-47D2-B835-D647A031FC00}.Debug|Any CPU.ActiveCfg = Debug|Any CPU
		{DF4554BF-D1CD-47D2-B835-D647A031FC00}.Debug|Any CPU.Build.0 = Debug|Any CPU
		{DF4554BF-D1CD-47D2-B835-D647A031FC00}.Release|Any CPU.ActiveCfg = Release|Any CPU
		{DF4554BF-D1CD-47D2-B835-D647A031FC00}.Release|Any CPU.Build.0 = Release|Any CPU
	EndGlobalSection
	GlobalSection(SolutionProperties) = preSolution
		HideSolutionNode = FALSE
	EndGlobalSection
	GlobalSection(ExtensibilityGlobals) = postSolution
		SolutionGuid = {AE108204-6020-4D73-9059-201C75B25B56}
	EndGlobalSection
EndGlobal
